
Microsoft Visual Studio Solution File, Format Version 12.00
# Visual Studio Version 17
VisualStudioVersion = 17.4.33403.182
MinimumVisualStudioVersion = 10.0.40219.1
Project("{FAE04EC0-301F-11D3-BF4B-00C04F79EFBC}") = "QCS", "QCS\QCS.csproj", "{DAF0A893-F93D-4A20-8053-7C5B0F2E6466}"
EndProject
Project("{FAE04EC0-301F-11D3-BF4B-00C04F79EFBC}") = "Negocio", "Negocio\Negocio.csproj", "{7F2537CF-5652-4614-838A-DA2AEE3BFFE6}"
EndProject
Project("{FAE04EC0-301F-11D3-BF4B-00C04F79EFBC}") = "Datos", "Datos\Datos.csproj", "{22583924-6EB9-4381-A3C2-AB87D12E97DB}"
EndProject
Global
	GlobalSection(SolutionConfigurationPlatforms) = preSolution
		Debug|Any CPU = Debug|Any CPU
		Release|Any CPU = Release|Any CPU
	EndGlobalSection
	GlobalSection(ProjectConfigurationPlatforms) = postSolution
		{DAF0A893-F93D-4A20-8053-7C5B0F2E6466}.Debug|Any CPU.ActiveCfg = Debug|Any CPU
		{DAF0A893-F93D-4A20-8053-7C5B0F2E6466}.Debug|Any CPU.Build.0 = Debug|Any CPU
		{DAF0A893-F93D-4A20-8053-7C5B0F2E6466}.Release|Any CPU.ActiveCfg = Release|Any CPU
		{DAF0A893-F93D-4A20-8053-7C5B0F2E6466}.Release|Any CPU.Build.0 = Release|Any CPU
		{7F2537CF-5652-4614-838A-DA2AEE3BFFE6}.Debug|Any CPU.ActiveCfg = Debug|Any CPU
		{7F2537CF-5652-4614-838A-DA2AEE3BFFE6}.Debug|Any CPU.Build.0 = Debug|Any CPU
		{7F2537CF-5652-4614-838A-DA2AEE3BFFE6}.Release|Any CPU.ActiveCfg = Release|Any CPU
		{7F2537CF-5652-4614-838A-DA2AEE3BFFE6}.Release|Any CPU.Build.0 = Release|Any CPU
		{22583924-6EB9-4381-A3C2-AB87D12E97DB}.Debug|Any CPU.ActiveCfg = Debug|Any CPU
		{22583924-6EB9-4381-A3C2-AB87D12E97DB}.Debug|Any CPU.Build.0 = Debug|Any CPU
		{22583924-6EB9-4381-A3C2-AB87D12E97DB}.Release|Any CPU.ActiveCfg = Release|Any CPU
		{22583924-6EB9-4381-A3C2-AB87D12E97DB}.Release|Any CPU.Build.0 = Release|Any CPU
	EndGlobalSection
	GlobalSection(SolutionProperties) = preSolution
		HideSolutionNode = FALSE
	EndGlobalSection
	GlobalSection(ExtensibilityGlobals) = postSolution
		SolutionGuid = {5A19AFA9-BE40-47A9-BD7C-394EE9267BE1}
	EndGlobalSection
EndGlobal
